{
  "version": 4,
  "terraform_version": "1.6.6",
  "serial": 115,
  "lineage": "6b291144-444e-d40f-d577-ffe775af44b9",
  "outputs": {
    "gcp_mig1": {
      "value": "https://www.googleapis.com/compute/v1/projects/brauss2024/regions/us-central1/instanceGroups/mig1   --  https://www.googleapis.com/compute/v1/projects/brauss2024/regions/us-central1/instanceGroupManagers/mig1",
      "type": "string"
    },
    "lb_ip": {
      "value": "LB IP: http://34.160.45.224",
      "type": "string"
    }
  },
  "resources": [
    {
      "mode": "data",
      "type": "google_compute_zones",
      "name": "available",
      "provider": "provider[\"registry.terraform.io/hashicorp/google\"]",
      "instances": [
        {
          "schema_version": 0,
          "attributes": {
            "id": "projects/brauss2024/regions/us-central1",
            "names": [
              "us-central1-a",
              "us-central1-b",
              "us-central1-c",
              "us-central1-f"
            ],
            "project": "brauss2024",
            "region": "us-central1",
            "status": null
          },
          "sensitive_attributes": []
        }
      ]
    },
    {
      "mode": "managed",
      "type": "google_compute_firewall",
      "name": "firewall",
      "provider": "provider[\"registry.terraform.io/hashicorp/google\"]",
      "instances": [
        {
          "schema_version": 1,
          "attributes": {
            "allow": [
              {
                "ports": [
                  "22",
                  "8080",
                  "80",
                  "443"
                ],
                "protocol": "tcp"
              }
            ],
            "creation_timestamp": "2024-01-08T14:51:41.854-08:00",
            "deny": [],
            "description": "",
            "destination_ranges": [],
            "direction": "INGRESS",
            "disabled": false,
            "enable_logging": null,
            "id": "projects/brauss2024/global/firewalls/myfirewall",
            "log_config": [],
            "name": "myfirewall",
            "network": "https://www.googleapis.com/compute/v1/projects/brauss2024/global/networks/vpc-network",
            "priority": 999,
            "project": "brauss2024",
            "self_link": "https://www.googleapis.com/compute/v1/projects/brauss2024/global/firewalls/myfirewall",
            "source_ranges": [
              "35.235.240.0/20"
            ],
            "source_service_accounts": [],
            "source_tags": [],
            "target_service_accounts": [],
            "target_tags": [],
            "timeouts": null
          },
          "sensitive_attributes": [],
          "private": "eyJlMmJmYjczMC1lY2FhLTExZTYtOGY4OC0zNDM2M2JjN2M0YzAiOnsiY3JlYXRlIjoxMjAwMDAwMDAwMDAwLCJkZWxldGUiOjEyMDAwMDAwMDAwMDAsInVwZGF0ZSI6MTIwMDAwMDAwMDAwMH0sInNjaGVtYV92ZXJzaW9uIjoiMSJ9",
          "dependencies": [
            "google_compute_network.vpc_network"
          ]
        }
      ]
    },
    {
      "mode": "managed",
      "type": "google_compute_network",
      "name": "vpc_network",
      "provider": "provider[\"registry.terraform.io/hashicorp/google\"]",
      "instances": [
        {
          "schema_version": 0,
          "attributes": {
            "auto_create_subnetworks": false,
            "delete_default_routes_on_create": false,
            "description": "",
            "enable_ula_internal_ipv6": false,
            "gateway_ipv4": "",
            "id": "projects/brauss2024/global/networks/vpc-network",
            "internal_ipv6_range": "",
            "mtu": 1460,
            "name": "vpc-network",
            "network_firewall_policy_enforcement_order": "AFTER_CLASSIC_FIREWALL",
            "project": "brauss2024",
            "routing_mode": "REGIONAL",
            "self_link": "https://www.googleapis.com/compute/v1/projects/brauss2024/global/networks/vpc-network",
            "timeouts": null
          },
          "sensitive_attributes": [],
          "private": "eyJlMmJmYjczMC1lY2FhLTExZTYtOGY4OC0zNDM2M2JjN2M0YzAiOnsiY3JlYXRlIjoxMjAwMDAwMDAwMDAwLCJkZWxldGUiOjEyMDAwMDAwMDAwMDAsInVwZGF0ZSI6MTIwMDAwMDAwMDAwMH19",
          "create_before_destroy": true
        }
      ]
    },
    {
      "mode": "managed",
      "type": "google_compute_router",
      "name": "group1",
      "provider": "provider[\"registry.terraform.io/hashicorp/google\"]",
      "instances": [
        {
          "schema_version": 0,
          "attributes": {
            "bgp": [],
            "creation_timestamp": "2024-01-08T14:51:41.820-08:00",
            "description": "",
            "encrypted_interconnect_router": false,
            "id": "projects/brauss2024/regions/us-central1/routers/router-gw-group1",
            "name": "router-gw-group1",
            "network": "https://www.googleapis.com/compute/v1/projects/brauss2024/global/networks/vpc-network",
            "project": "brauss2024",
            "region": "us-central1",
            "self_link": "https://www.googleapis.com/compute/v1/projects/brauss2024/regions/us-central1/routers/router-gw-group1",
            "timeouts": null
          },
          "sensitive_attributes": [],
          "private": "eyJlMmJmYjczMC1lY2FhLTExZTYtOGY4OC0zNDM2M2JjN2M0YzAiOnsiY3JlYXRlIjoxMjAwMDAwMDAwMDAwLCJkZWxldGUiOjEyMDAwMDAwMDAwMDAsInVwZGF0ZSI6MTIwMDAwMDAwMDAwMH19",
          "dependencies": [
            "google_compute_network.vpc_network"
          ],
          "create_before_destroy": true
        }
      ]
    },
    {
      "mode": "managed",
      "type": "google_compute_router",
      "name": "group2",
      "provider": "provider[\"registry.terraform.io/hashicorp/google\"]",
      "instances": [
        {
          "schema_version": 0,
          "attributes": {
            "bgp": [],
            "creation_timestamp": "2024-01-08T15:24:10.219-08:00",
            "description": "",
            "encrypted_interconnect_router": false,
            "id": "projects/brauss2024/regions/us-west1/routers/router-gw-group2",
            "name": "router-gw-group2",
            "network": "https://www.googleapis.com/compute/v1/projects/brauss2024/global/networks/vpc-network",
            "project": "brauss2024",
            "region": "us-west1",
            "self_link": "https://www.googleapis.com/compute/v1/projects/brauss2024/regions/us-west1/routers/router-gw-group2",
            "timeouts": null
          },
          "sensitive_attributes": [],
          "private": "eyJlMmJmYjczMC1lY2FhLTExZTYtOGY4OC0zNDM2M2JjN2M0YzAiOnsiY3JlYXRlIjoxMjAwMDAwMDAwMDAwLCJkZWxldGUiOjEyMDAwMDAwMDAwMDAsInVwZGF0ZSI6MTIwMDAwMDAwMDAwMH19",
          "dependencies": [
            "google_compute_network.vpc_network"
          ],
          "create_before_destroy": true
        }
      ]
    },
    {
      "mode": "managed",
      "type": "google_compute_subnetwork",
      "name": "vpc_subnet1",
      "provider": "provider[\"registry.terraform.io/hashicorp/google\"]",
      "instances": [
        {
          "schema_version": 0,
          "attributes": {
            "creation_timestamp": "2024-01-08T14:51:42.223-08:00",
            "description": "",
            "external_ipv6_prefix": "",
            "fingerprint": null,
            "gateway_address": "10.0.0.1",
            "id": "projects/brauss2024/regions/us-central1/subnetworks/subnet1",
            "internal_ipv6_prefix": "",
            "ip_cidr_range": "10.0.0.0/24",
            "ipv6_access_type": "",
            "ipv6_cidr_range": "",
            "log_config": [],
            "name": "subnet1",
            "network": "https://www.googleapis.com/compute/v1/projects/brauss2024/global/networks/vpc-network",
            "private_ip_google_access": false,
            "private_ipv6_google_access": "DISABLE_GOOGLE_ACCESS",
            "project": "brauss2024",
            "purpose": "PRIVATE",
            "region": "us-central1",
            "role": "",
            "secondary_ip_range": [],
            "self_link": "https://www.googleapis.com/compute/v1/projects/brauss2024/regions/us-central1/subnetworks/subnet1",
            "stack_type": "IPV4_ONLY",
            "timeouts": null
          },
          "sensitive_attributes": [],
          "private": "eyJlMmJmYjczMC1lY2FhLTExZTYtOGY4OC0zNDM2M2JjN2M0YzAiOnsiY3JlYXRlIjoxMjAwMDAwMDAwMDAwLCJkZWxldGUiOjEyMDAwMDAwMDAwMDAsInVwZGF0ZSI6MTIwMDAwMDAwMDAwMH19",
          "dependencies": [
            "google_compute_network.vpc_network"
          ],
          "create_before_destroy": true
        }
      ]
    },
    {
      "mode": "managed",
      "type": "google_compute_subnetwork",
      "name": "vpc_subnet2",
      "provider": "provider[\"registry.terraform.io/hashicorp/google\"]",
      "instances": [
        {
          "schema_version": 0,
          "attributes": {
            "creation_timestamp": "2024-01-08T15:24:10.440-08:00",
            "description": "",
            "external_ipv6_prefix": "",
            "fingerprint": null,
            "gateway_address": "10.0.1.1",
            "id": "projects/brauss2024/regions/us-west1/subnetworks/subnet2",
            "internal_ipv6_prefix": "",
            "ip_cidr_range": "10.0.1.0/24",
            "ipv6_access_type": "",
            "ipv6_cidr_range": "",
            "log_config": [],
            "name": "subnet2",
            "network": "https://www.googleapis.com/compute/v1/projects/brauss2024/global/networks/vpc-network",
            "private_ip_google_access": false,
            "private_ipv6_google_access": "DISABLE_GOOGLE_ACCESS",
            "project": "brauss2024",
            "purpose": "PRIVATE",
            "region": "us-west1",
            "role": "",
            "secondary_ip_range": [],
            "self_link": "https://www.googleapis.com/compute/v1/projects/brauss2024/regions/us-west1/subnetworks/subnet2",
            "stack_type": "IPV4_ONLY",
            "timeouts": null
          },
          "sensitive_attributes": [],
          "private": "eyJlMmJmYjczMC1lY2FhLTExZTYtOGY4OC0zNDM2M2JjN2M0YzAiOnsiY3JlYXRlIjoxMjAwMDAwMDAwMDAwLCJkZWxldGUiOjEyMDAwMDAwMDAwMDAsInVwZGF0ZSI6MTIwMDAwMDAwMDAwMH19",
          "dependencies": [
            "google_compute_network.vpc_network"
          ],
          "create_before_destroy": true
        }
      ]
    },
    {
      "module": "module.cloud-nat-group1",
      "mode": "managed",
      "type": "google_compute_router_nat",
      "name": "main",
      "provider": "provider[\"registry.terraform.io/hashicorp/google\"]",
      "instances": [
        {
          "schema_version": 0,
          "attributes": {
            "drain_nat_ips": [],
            "enable_dynamic_port_allocation": false,
            "enable_endpoint_independent_mapping": true,
            "icmp_idle_timeout_sec": 30,
            "id": "brauss2024/us-central1/router-gw-group1/cloud-nat-group1",
            "log_config": [],
            "max_ports_per_vm": 0,
            "min_ports_per_vm": 64,
            "name": "cloud-nat-group1",
            "nat_ip_allocate_option": "AUTO_ONLY",
            "nat_ips": [],
            "project": "brauss2024",
            "region": "us-central1",
            "router": "router-gw-group1",
            "rules": [],
            "source_subnetwork_ip_ranges_to_nat": "ALL_SUBNETWORKS_ALL_IP_RANGES",
            "subnetwork": [],
            "tcp_established_idle_timeout_sec": 1200,
            "tcp_time_wait_timeout_sec": 120,
            "tcp_transitory_idle_timeout_sec": 30,
            "timeouts": null,
            "udp_idle_timeout_sec": 30
          },
          "sensitive_attributes": [],
          "private": "eyJlMmJmYjczMC1lY2FhLTExZTYtOGY4OC0zNDM2M2JjN2M0YzAiOnsiY3JlYXRlIjoxMjAwMDAwMDAwMDAwLCJkZWxldGUiOjEyMDAwMDAwMDAwMDAsInVwZGF0ZSI6MTIwMDAwMDAwMDAwMH19",
          "dependencies": [
            "google_compute_network.vpc_network",
            "google_compute_router.group1",
            "module.cloud-nat-group1.google_compute_router.router",
            "module.cloud-nat-group1.random_string.name_suffix"
          ]
        }
      ]
    },
    {
      "module": "module.cloud-nat-group1",
      "mode": "managed",
      "type": "random_string",
      "name": "name_suffix",
      "provider": "provider[\"registry.terraform.io/hashicorp/random\"]",
      "instances": [
        {
          "schema_version": 2,
          "attributes": {
            "id": "27hap2",
            "keepers": null,
            "length": 6,
            "lower": true,
            "min_lower": 0,
            "min_numeric": 0,
            "min_special": 0,
            "min_upper": 0,
            "number": true,
            "numeric": true,
            "override_special": null,
            "result": "27hap2",
            "special": false,
            "upper": false
          },
          "sensitive_attributes": []
        }
      ]
    },
    {
      "module": "module.cloud-nat-group2",
      "mode": "managed",
      "type": "google_compute_router_nat",
      "name": "main",
      "provider": "provider[\"registry.terraform.io/hashicorp/google\"]",
      "instances": [
        {
          "schema_version": 0,
          "attributes": {
            "drain_nat_ips": [],
            "enable_dynamic_port_allocation": false,
            "enable_endpoint_independent_mapping": true,
            "icmp_idle_timeout_sec": 30,
            "id": "brauss2024/us-west1/router-gw-group2/cloud-nat-group2",
            "log_config": [],
            "max_ports_per_vm": 0,
            "min_ports_per_vm": 64,
            "name": "cloud-nat-group2",
            "nat_ip_allocate_option": "AUTO_ONLY",
            "nat_ips": [],
            "project": "brauss2024",
            "region": "us-west1",
            "router": "router-gw-group2",
            "rules": [],
            "source_subnetwork_ip_ranges_to_nat": "ALL_SUBNETWORKS_ALL_IP_RANGES",
            "subnetwork": [],
            "tcp_established_idle_timeout_sec": 1200,
            "tcp_time_wait_timeout_sec": 120,
            "tcp_transitory_idle_timeout_sec": 30,
            "timeouts": null,
            "udp_idle_timeout_sec": 30
          },
          "sensitive_attributes": [],
          "private": "eyJlMmJmYjczMC1lY2FhLTExZTYtOGY4OC0zNDM2M2JjN2M0YzAiOnsiY3JlYXRlIjoxMjAwMDAwMDAwMDAwLCJkZWxldGUiOjEyMDAwMDAwMDAwMDAsInVwZGF0ZSI6MTIwMDAwMDAwMDAwMH19",
          "dependencies": [
            "google_compute_network.vpc_network",
            "google_compute_router.group2",
            "module.cloud-nat-group2.google_compute_router.router",
            "module.cloud-nat-group2.random_string.name_suffix"
          ]
        }
      ]
    },
    {
      "module": "module.cloud-nat-group2",
      "mode": "managed",
      "type": "random_string",
      "name": "name_suffix",
      "provider": "provider[\"registry.terraform.io/hashicorp/random\"]",
      "instances": [
        {
          "schema_version": 2,
          "attributes": {
            "id": "ekipuk",
            "keepers": null,
            "length": 6,
            "lower": true,
            "min_lower": 0,
            "min_numeric": 0,
            "min_special": 0,
            "min_upper": 0,
            "number": true,
            "numeric": true,
            "override_special": null,
            "result": "ekipuk",
            "special": false,
            "upper": false
          },
          "sensitive_attributes": []
        }
      ]
    },
    {
      "module": "module.gce-lb-http",
      "mode": "managed",
      "type": "google_compute_backend_service",
      "name": "default",
      "provider": "provider[\"registry.terraform.io/hashicorp/google-beta\"]",
      "instances": [
        {
          "index_key": "default",
          "schema_version": 1,
          "attributes": {
            "affinity_cookie_ttl_sec": 0,
            "backend": [
              {
                "balancing_mode": "UTILIZATION",
                "capacity_scaler": 1,
                "description": "",
                "group": "https://www.googleapis.com/compute/v1/projects/brauss2024/regions/us-central1/instanceGroups/mig1",
                "max_connections": 0,
                "max_connections_per_endpoint": 0,
                "max_connections_per_instance": 0,
                "max_rate": 0,
                "max_rate_per_endpoint": 0,
                "max_rate_per_instance": 0,
                "max_utilization": 0
              },
              {
                "balancing_mode": "UTILIZATION",
                "capacity_scaler": 1,
                "description": "",
                "group": "https://www.googleapis.com/compute/v1/projects/brauss2024/regions/us-west1/instanceGroups/mig2",
                "max_connections": 0,
                "max_connections_per_endpoint": 0,
                "max_connections_per_instance": 0,
                "max_rate": 0,
                "max_rate_per_endpoint": 0,
                "max_rate_per_instance": 0,
                "max_utilization": 0
              }
            ],
            "cdn_policy": [],
            "circuit_breakers": [],
            "compression_mode": "",
            "connection_draining_timeout_sec": 300,
            "consistent_hash": [],
            "creation_timestamp": "2024-01-08T15:12:13.647-08:00",
            "custom_request_headers": [],
            "custom_response_headers": [],
            "description": "",
            "edge_security_policy": "",
            "enable_cdn": false,
            "fingerprint": "RNvfthuVnSg=",
            "generated_id": 2681028561941381026,
            "health_checks": [
              "https://www.googleapis.com/compute/v1/projects/brauss2024/global/healthChecks/multi-mig-lb-http-hc-default"
            ],
            "iap": [],
            "id": "projects/brauss2024/global/backendServices/multi-mig-lb-http-backend-default",
            "load_balancing_scheme": "EXTERNAL",
            "locality_lb_policies": [],
            "locality_lb_policy": "",
            "log_config": [
              {
                "enable": true,
                "sample_rate": 1
              }
            ],
            "name": "multi-mig-lb-http-backend-default",
            "outlier_detection": [],
            "port_name": "http",
            "project": "brauss2024",
            "protocol": "HTTP",
            "security_policy": "",
            "security_settings": [],
            "self_link": "https://www.googleapis.com/compute/v1/projects/brauss2024/global/backendServices/multi-mig-lb-http-backend-default",
            "session_affinity": "NONE",
            "timeout_sec": 10,
            "timeouts": null
          },
          "sensitive_attributes": [],
          "private": "eyJlMmJmYjczMC1lY2FhLTExZTYtOGY4OC0zNDM2M2JjN2M0YzAiOnsiY3JlYXRlIjoxMjAwMDAwMDAwMDAwLCJkZWxldGUiOjEyMDAwMDAwMDAwMDAsInVwZGF0ZSI6MTIwMDAwMDAwMDAwMH0sInNjaGVtYV92ZXJzaW9uIjoiMSJ9",
          "dependencies": [
            "google_compute_network.vpc_network",
            "google_compute_router.group1",
            "google_compute_router.group2",
            "google_compute_subnetwork.vpc_subnet1",
            "google_compute_subnetwork.vpc_subnet2",
            "module.gce-lb-http.google_compute_health_check.default",
            "module.mig1.data.google_compute_zones.available",
            "module.mig1.google_compute_health_check.http",
            "module.mig1.google_compute_health_check.https",
            "module.mig1.google_compute_health_check.tcp",
            "module.mig1.google_compute_region_instance_group_manager.mig",
            "module.mig2.data.google_compute_zones.available",
            "module.mig2.google_compute_health_check.http",
            "module.mig2.google_compute_health_check.https",
            "module.mig2.google_compute_health_check.tcp",
            "module.mig2.google_compute_region_instance_group_manager.mig",
            "module.mig_template1.google_compute_instance_template.tpl",
            "module.mig_template2.google_compute_instance_template.tpl"
          ]
        }
      ]
    },
    {
      "module": "module.gce-lb-http",
      "mode": "managed",
      "type": "google_compute_firewall",
      "name": "default-hc",
      "provider": "provider[\"registry.terraform.io/hashicorp/google\"]",
      "instances": [
        {
          "index_key": 0,
          "schema_version": 1,
          "attributes": {
            "allow": [
              {
                "ports": [
                  "80"
                ],
                "protocol": "tcp"
              }
            ],
            "creation_timestamp": "2024-01-08T15:12:01.976-08:00",
            "deny": [],
            "description": "",
            "destination_ranges": [],
            "direction": "INGRESS",
            "disabled": false,
            "enable_logging": null,
            "id": "projects/brauss2024/global/firewalls/multi-mig-lb-http-hc-0",
            "log_config": [],
            "name": "multi-mig-lb-http-hc-0",
            "network": "https://www.googleapis.com/compute/v1/projects/brauss2024/global/networks/vpc-network",
            "priority": 1000,
            "project": "brauss2024",
            "self_link": "https://www.googleapis.com/compute/v1/projects/brauss2024/global/firewalls/multi-mig-lb-http-hc-0",
            "source_ranges": [
              "130.211.0.0/22",
              "35.191.0.0/16"
            ],
            "source_service_accounts": [],
            "source_tags": [],
            "target_service_accounts": [],
            "target_tags": [
              "router-gw-group1",
              "subnet1"
            ],
            "timeouts": null
          },
          "sensitive_attributes": [],
          "private": "eyJlMmJmYjczMC1lY2FhLTExZTYtOGY4OC0zNDM2M2JjN2M0YzAiOnsiY3JlYXRlIjoxMjAwMDAwMDAwMDAwLCJkZWxldGUiOjEyMDAwMDAwMDAwMDAsInVwZGF0ZSI6MTIwMDAwMDAwMDAwMH0sInNjaGVtYV92ZXJzaW9uIjoiMSJ9",
          "dependencies": [
            "google_compute_network.vpc_network",
            "google_compute_router.group1",
            "google_compute_router.group2",
            "google_compute_subnetwork.vpc_subnet1",
            "google_compute_subnetwork.vpc_subnet2",
            "module.cloud-nat-group1.google_compute_router.router",
            "module.mig1.data.google_compute_zones.available",
            "module.mig1.google_compute_health_check.http",
            "module.mig1.google_compute_health_check.https",
            "module.mig1.google_compute_health_check.tcp",
            "module.mig1.google_compute_region_instance_group_manager.mig",
            "module.mig2.data.google_compute_zones.available",
            "module.mig2.google_compute_health_check.http",
            "module.mig2.google_compute_health_check.https",
            "module.mig2.google_compute_health_check.tcp",
            "module.mig2.google_compute_region_instance_group_manager.mig",
            "module.mig_template1.google_compute_instance_template.tpl",
            "module.mig_template2.google_compute_instance_template.tpl"
          ]
        }
      ]
    },
    {
      "module": "module.gce-lb-http",
      "mode": "managed",
      "type": "google_compute_global_address",
      "name": "default",
      "provider": "provider[\"registry.terraform.io/hashicorp/google-beta\"]",
      "instances": [
        {
          "index_key": 0,
          "schema_version": 0,
          "attributes": {
            "address": "34.160.45.224",
            "address_type": "EXTERNAL",
            "creation_timestamp": "2024-01-08T15:12:01.815-08:00",
            "description": "",
            "id": "projects/brauss2024/global/addresses/multi-mig-lb-http-address",
            "ip_version": "",
            "label_fingerprint": "42WmSpB8rSM=",
            "labels": {},
            "name": "multi-mig-lb-http-address",
            "network": "",
            "prefix_length": 0,
            "project": "brauss2024",
            "purpose": "",
            "self_link": "https://www.googleapis.com/compute/v1/projects/brauss2024/global/addresses/multi-mig-lb-http-address",
            "timeouts": null
          },
          "sensitive_attributes": [],
          "private": "eyJlMmJmYjczMC1lY2FhLTExZTYtOGY4OC0zNDM2M2JjN2M0YzAiOnsiY3JlYXRlIjoxMjAwMDAwMDAwMDAwLCJkZWxldGUiOjEyMDAwMDAwMDAwMDAsInVwZGF0ZSI6MTIwMDAwMDAwMDAwMH19"
        }
      ]
    },
    {
      "module": "module.gce-lb-http",
      "mode": "managed",
      "type": "google_compute_global_forwarding_rule",
      "name": "http",
      "provider": "provider[\"registry.terraform.io/hashicorp/google-beta\"]",
      "instances": [
        {
          "index_key": 0,
          "schema_version": 0,
          "attributes": {
            "allow_psc_global_access": false,
            "base_forwarding_rule": "",
            "description": "",
            "id": "projects/brauss2024/global/forwardingRules/multi-mig-lb-http",
            "ip_address": "34.160.45.224",
            "ip_protocol": "TCP",
            "ip_version": "",
            "label_fingerprint": "42WmSpB8rSM=",
            "labels": {},
            "load_balancing_scheme": "EXTERNAL",
            "metadata_filters": [],
            "name": "multi-mig-lb-http",
            "network": "",
            "no_automate_dns_zone": null,
            "port_range": "80-80",
            "project": "brauss2024",
            "psc_connection_id": "",
            "psc_connection_status": "",
            "self_link": "https://www.googleapis.com/compute/v1/projects/brauss2024/global/forwardingRules/multi-mig-lb-http",
            "source_ip_ranges": [],
            "subnetwork": "",
            "target": "https://www.googleapis.com/compute/beta/projects/brauss2024/global/targetHttpProxies/multi-mig-lb-http-http-proxy",
            "timeouts": null
          },
          "sensitive_attributes": [],
          "private": "eyJlMmJmYjczMC1lY2FhLTExZTYtOGY4OC0zNDM2M2JjN2M0YzAiOnsiY3JlYXRlIjoxMjAwMDAwMDAwMDAwLCJkZWxldGUiOjEyMDAwMDAwMDAwMDAsInVwZGF0ZSI6MTIwMDAwMDAwMDAwMH19",
          "dependencies": [
            "google_compute_network.vpc_network",
            "google_compute_router.group1",
            "google_compute_router.group2",
            "google_compute_subnetwork.vpc_subnet1",
            "google_compute_subnetwork.vpc_subnet2",
            "module.gce-lb-http.google_compute_backend_service.default",
            "module.gce-lb-http.google_compute_global_address.default",
            "module.gce-lb-http.google_compute_health_check.default",
            "module.gce-lb-http.google_compute_target_http_proxy.default",
            "module.gce-lb-http.google_compute_url_map.default",
            "module.gce-lb-http.google_compute_url_map.https_redirect",
            "module.mig1.data.google_compute_zones.available",
            "module.mig1.google_compute_health_check.http",
            "module.mig1.google_compute_health_check.https",
            "module.mig1.google_compute_health_check.tcp",
            "module.mig1.google_compute_region_instance_group_manager.mig",
            "module.mig2.data.google_compute_zones.available",
            "module.mig2.google_compute_health_check.http",
            "module.mig2.google_compute_health_check.https",
            "module.mig2.google_compute_health_check.tcp",
            "module.mig2.google_compute_region_instance_group_manager.mig",
            "module.mig_template1.google_compute_instance_template.tpl",
            "module.mig_template2.google_compute_instance_template.tpl"
          ]
        }
      ]
    },
    {
      "module": "module.gce-lb-http",
      "mode": "managed",
      "type": "google_compute_health_check",
      "name": "default",
      "provider": "provider[\"registry.terraform.io/hashicorp/google-beta\"]",
      "instances": [
        {
          "index_key": "default",
          "schema_version": 0,
          "attributes": {
            "check_interval_sec": 5,
            "creation_timestamp": "2024-01-08T15:12:01.788-08:00",
            "description": "",
            "grpc_health_check": [],
            "healthy_threshold": 2,
            "http2_health_check": [],
            "http_health_check": [
              {
                "host": "",
                "port": 80,
                "port_name": "",
                "port_specification": "",
                "proxy_header": "NONE",
                "request_path": "/",
                "response": ""
              }
            ],
            "https_health_check": [],
            "id": "projects/brauss2024/global/healthChecks/multi-mig-lb-http-hc-default",
            "log_config": [
              {
                "enable": false
              }
            ],
            "name": "multi-mig-lb-http-hc-default",
            "project": "brauss2024",
            "self_link": "https://www.googleapis.com/compute/v1/projects/brauss2024/global/healthChecks/multi-mig-lb-http-hc-default",
            "ssl_health_check": [],
            "tcp_health_check": [],
            "timeout_sec": 5,
            "timeouts": null,
            "type": "HTTP",
            "unhealthy_threshold": 2
          },
          "sensitive_attributes": [],
          "private": "eyJlMmJmYjczMC1lY2FhLTExZTYtOGY4OC0zNDM2M2JjN2M0YzAiOnsiY3JlYXRlIjoxMjAwMDAwMDAwMDAwLCJkZWxldGUiOjEyMDAwMDAwMDAwMDAsInVwZGF0ZSI6MTIwMDAwMDAwMDAwMH19",
          "dependencies": [
            "google_compute_network.vpc_network",
            "google_compute_router.group1",
            "google_compute_router.group2",
            "google_compute_subnetwork.vpc_subnet1",
            "google_compute_subnetwork.vpc_subnet2",
            "module.mig1.data.google_compute_zones.available",
            "module.mig1.google_compute_health_check.http",
            "module.mig1.google_compute_health_check.https",
            "module.mig1.google_compute_health_check.tcp",
            "module.mig1.google_compute_region_instance_group_manager.mig",
            "module.mig2.data.google_compute_zones.available",
            "module.mig2.google_compute_health_check.http",
            "module.mig2.google_compute_health_check.https",
            "module.mig2.google_compute_health_check.tcp",
            "module.mig2.google_compute_region_instance_group_manager.mig",
            "module.mig_template1.google_compute_instance_template.tpl",
            "module.mig_template2.google_compute_instance_template.tpl"
          ]
        }
      ]
    },
    {
      "module": "module.gce-lb-http",
      "mode": "managed",
      "type": "google_compute_target_http_proxy",
      "name": "default",
      "provider": "provider[\"registry.terraform.io/hashicorp/google\"]",
      "instances": [
        {
          "index_key": 0,
          "schema_version": 0,
          "attributes": {
            "creation_timestamp": "2024-01-08T15:12:45.889-08:00",
            "description": "",
            "http_keep_alive_timeout_sec": 0,
            "id": "projects/brauss2024/global/targetHttpProxies/multi-mig-lb-http-http-proxy",
            "name": "multi-mig-lb-http-http-proxy",
            "project": "brauss2024",
            "proxy_bind": false,
            "proxy_id": 8618381039715303298,
            "self_link": "https://www.googleapis.com/compute/v1/projects/brauss2024/global/targetHttpProxies/multi-mig-lb-http-http-proxy",
            "timeouts": null,
            "url_map": "https://www.googleapis.com/compute/v1/projects/brauss2024/global/urlMaps/multi-mig-lb-http-url-map"
          },
          "sensitive_attributes": [],
          "private": "eyJlMmJmYjczMC1lY2FhLTExZTYtOGY4OC0zNDM2M2JjN2M0YzAiOnsiY3JlYXRlIjoxMjAwMDAwMDAwMDAwLCJkZWxldGUiOjEyMDAwMDAwMDAwMDAsInVwZGF0ZSI6MTIwMDAwMDAwMDAwMH19",
          "dependencies": [
            "google_compute_network.vpc_network",
            "google_compute_router.group1",
            "google_compute_router.group2",
            "google_compute_subnetwork.vpc_subnet1",
            "google_compute_subnetwork.vpc_subnet2",
            "module.gce-lb-http.google_compute_backend_service.default",
            "module.gce-lb-http.google_compute_health_check.default",
            "module.gce-lb-http.google_compute_url_map.default",
            "module.gce-lb-http.google_compute_url_map.https_redirect",
            "module.mig1.data.google_compute_zones.available",
            "module.mig1.google_compute_health_check.http",
            "module.mig1.google_compute_health_check.https",
            "module.mig1.google_compute_health_check.tcp",
            "module.mig1.google_compute_region_instance_group_manager.mig",
            "module.mig2.data.google_compute_zones.available",
            "module.mig2.google_compute_health_check.http",
            "module.mig2.google_compute_health_check.https",
            "module.mig2.google_compute_health_check.tcp",
            "module.mig2.google_compute_region_instance_group_manager.mig",
            "module.mig_template1.google_compute_instance_template.tpl",
            "module.mig_template2.google_compute_instance_template.tpl"
          ]
        }
      ]
    },
    {
      "module": "module.gce-lb-http",
      "mode": "managed",
      "type": "google_compute_url_map",
      "name": "default",
      "provider": "provider[\"registry.terraform.io/hashicorp/google-beta\"]",
      "instances": [
        {
          "index_key": 0,
          "schema_version": 0,
          "attributes": {
            "creation_timestamp": "2024-01-08T15:12:34.674-08:00",
            "default_route_action": [],
            "default_service": "https://www.googleapis.com/compute/v1/projects/brauss2024/global/backendServices/multi-mig-lb-http-backend-default",
            "default_url_redirect": [],
            "description": "",
            "fingerprint": "rocoAxiqpZA=",
            "header_action": [],
            "host_rule": [],
            "id": "projects/brauss2024/global/urlMaps/multi-mig-lb-http-url-map",
            "map_id": 8566634401854734221,
            "name": "multi-mig-lb-http-url-map",
            "path_matcher": [],
            "project": "brauss2024",
            "self_link": "https://www.googleapis.com/compute/v1/projects/brauss2024/global/urlMaps/multi-mig-lb-http-url-map",
            "test": [],
            "timeouts": null
          },
          "sensitive_attributes": [],
          "private": "eyJlMmJmYjczMC1lY2FhLTExZTYtOGY4OC0zNDM2M2JjN2M0YzAiOnsiY3JlYXRlIjoxMjAwMDAwMDAwMDAwLCJkZWxldGUiOjEyMDAwMDAwMDAwMDAsInVwZGF0ZSI6MTIwMDAwMDAwMDAwMH19",
          "dependencies": [
            "google_compute_network.vpc_network",
            "google_compute_router.group1",
            "google_compute_router.group2",
            "google_compute_subnetwork.vpc_subnet1",
            "google_compute_subnetwork.vpc_subnet2",
            "module.gce-lb-http.google_compute_backend_service.default",
            "module.gce-lb-http.google_compute_health_check.default",
            "module.mig1.data.google_compute_zones.available",
            "module.mig1.google_compute_health_check.http",
            "module.mig1.google_compute_health_check.https",
            "module.mig1.google_compute_health_check.tcp",
            "module.mig1.google_compute_region_instance_group_manager.mig",
            "module.mig2.data.google_compute_zones.available",
            "module.mig2.google_compute_health_check.http",
            "module.mig2.google_compute_health_check.https",
            "module.mig2.google_compute_health_check.tcp",
            "module.mig2.google_compute_region_instance_group_manager.mig",
            "module.mig_template1.google_compute_instance_template.tpl",
            "module.mig_template2.google_compute_instance_template.tpl"
          ]
        }
      ]
    },
    {
      "module": "module.mig1",
      "mode": "data",
      "type": "google_compute_zones",
      "name": "available",
      "provider": "provider[\"registry.terraform.io/hashicorp/google\"]",
      "instances": [
        {
          "schema_version": 0,
          "attributes": {
            "id": "projects/brauss2024/regions/us-central1",
            "names": [
              "us-central1-a",
              "us-central1-b",
              "us-central1-c",
              "us-central1-f"
            ],
            "project": "brauss2024",
            "region": "us-central1",
            "status": null
          },
          "sensitive_attributes": []
        }
      ]
    },
    {
      "module": "module.mig1",
      "mode": "managed",
      "type": "google_compute_region_instance_group_manager",
      "name": "mig",
      "provider": "provider[\"registry.terraform.io/hashicorp/google-beta\"]",
      "instances": [
        {
          "schema_version": 0,
          "attributes": {
            "all_instances_config": [],
            "auto_healing_policies": [],
            "base_instance_name": "vpc-network",
            "description": "",
            "distribution_policy_target_shape": "EVEN",
            "distribution_policy_zones": [
              "us-central1-a",
              "us-central1-b",
              "us-central1-c",
              "us-central1-f"
            ],
            "fingerprint": "IJu4gQHArDE=",
            "id": "projects/brauss2024/regions/us-central1/instanceGroupManagers/mig1",
            "instance_group": "https://www.googleapis.com/compute/v1/projects/brauss2024/regions/us-central1/instanceGroups/mig1",
            "instance_lifecycle_policy": [
              {
                "force_update_on_repair": "NO"
              }
            ],
            "list_managed_instances_results": "PAGELESS",
            "name": "mig1",
            "named_port": [
              {
                "name": "http",
                "port": 80
              }
            ],
            "project": "brauss2024",
            "region": "us-central1",
            "self_link": "https://www.googleapis.com/compute/v1/projects/brauss2024/regions/us-central1/instanceGroupManagers/mig1",
            "stateful_disk": [],
            "stateful_external_ip": [],
            "stateful_internal_ip": [],
            "status": [
              {
                "all_instances_config": [
                  {
                    "effective": true
                  }
                ],
                "is_stable": true,
                "stateful": [
                  {
                    "has_stateful_config": false,
                    "per_instance_configs": [
                      {
                        "all_effective": true
                      }
                    ]
                  }
                ],
                "version_target": [
                  {
                    "is_reached": true
                  }
                ]
              }
            ],
            "target_pools": [],
            "target_size": 1,
            "timeouts": {
              "create": "5m",
              "delete": "15m",
              "update": "5m"
            },
            "update_policy": [
              {
                "instance_redistribution_type": "PROACTIVE",
                "max_surge_fixed": 4,
                "max_surge_percent": 0,
                "max_unavailable_fixed": 4,
                "max_unavailable_percent": 0,
                "min_ready_sec": 0,
                "minimal_action": "REPLACE",
                "most_disruptive_allowed_action": "",
                "replacement_method": "SUBSTITUTE",
                "type": "OPPORTUNISTIC"
              }
            ],
            "version": [
              {
                "instance_template": "https://www.googleapis.com/compute/v1/projects/brauss2024/global/instanceTemplates/vpc-network-20240108225523927900000001",
                "name": "vpc-network-mig-version-0",
                "target_size": []
              }
            ],
            "wait_for_instances": false,
            "wait_for_instances_status": "STABLE"
          },
          "sensitive_attributes": [],
          "private": "eyJlMmJmYjczMC1lY2FhLTExZTYtOGY4OC0zNDM2M2JjN2M0YzAiOnsiY3JlYXRlIjozMDAwMDAwMDAwMDAsImRlbGV0ZSI6OTAwMDAwMDAwMDAwLCJ1cGRhdGUiOjMwMDAwMDAwMDAwMH19",
          "dependencies": [
            "google_compute_network.vpc_network",
            "google_compute_router.group1",
            "google_compute_subnetwork.vpc_subnet1",
            "module.mig1.data.google_compute_zones.available",
            "module.mig1.google_compute_health_check.http",
            "module.mig1.google_compute_health_check.https",
            "module.mig1.google_compute_health_check.tcp",
            "module.mig_template1.google_compute_instance_template.tpl"
          ],
          "create_before_destroy": true
        }
      ]
    },
    {
      "module": "module.mig2",
      "mode": "data",
      "type": "google_compute_zones",
      "name": "available",
      "provider": "provider[\"registry.terraform.io/hashicorp/google\"]",
      "instances": [
        {
          "schema_version": 0,
          "attributes": {
            "id": "projects/brauss2024/regions/us-west1",
            "names": [
              "us-west1-a",
              "us-west1-b",
              "us-west1-c"
            ],
            "project": "brauss2024",
            "region": "us-west1",
            "status": null
          },
          "sensitive_attributes": []
        }
      ]
    },
    {
      "module": "module.mig2",
      "mode": "managed",
      "type": "google_compute_region_instance_group_manager",
      "name": "mig",
      "provider": "provider[\"registry.terraform.io/hashicorp/google-beta\"]",
      "instances": [
        {
          "schema_version": 0,
          "attributes": {
            "all_instances_config": [],
            "auto_healing_policies": [],
            "base_instance_name": "vpc-network",
            "description": "",
            "distribution_policy_target_shape": "EVEN",
            "distribution_policy_zones": [
              "us-west1-a",
              "us-west1-b",
              "us-west1-c"
            ],
            "fingerprint": "CAR2hNulA5A=",
            "id": "projects/brauss2024/regions/us-west1/instanceGroupManagers/mig2",
            "instance_group": "https://www.googleapis.com/compute/v1/projects/brauss2024/regions/us-west1/instanceGroups/mig2",
            "instance_lifecycle_policy": [
              {
                "force_update_on_repair": "NO"
              }
            ],
            "list_managed_instances_results": "PAGELESS",
            "name": "mig2",
            "named_port": [
              {
                "name": "http",
                "port": 80
              }
            ],
            "project": "brauss2024",
            "region": "us-west1",
            "self_link": "https://www.googleapis.com/compute/v1/projects/brauss2024/regions/us-west1/instanceGroupManagers/mig2",
            "stateful_disk": [],
            "stateful_external_ip": [],
            "stateful_internal_ip": [],
            "status": [
              {
                "all_instances_config": [
                  {
                    "effective": true
                  }
                ],
                "is_stable": true,
                "stateful": [
                  {
                    "has_stateful_config": false,
                    "per_instance_configs": [
                      {
                        "all_effective": true
                      }
                    ]
                  }
                ],
                "version_target": [
                  {
                    "is_reached": true
                  }
                ]
              }
            ],
            "target_pools": [],
            "target_size": 1,
            "timeouts": {
              "create": "5m",
              "delete": "15m",
              "update": "5m"
            },
            "update_policy": [
              {
                "instance_redistribution_type": "PROACTIVE",
                "max_surge_fixed": 3,
                "max_surge_percent": 0,
                "max_unavailable_fixed": 3,
                "max_unavailable_percent": 0,
                "min_ready_sec": 0,
                "minimal_action": "REPLACE",
                "most_disruptive_allowed_action": "",
                "replacement_method": "SUBSTITUTE",
                "type": "OPPORTUNISTIC"
              }
            ],
            "version": [
              {
                "instance_template": "https://www.googleapis.com/compute/v1/projects/brauss2024/global/instanceTemplates/vpc-network-20240108232431792500000001",
                "name": "vpc-network-mig-version-0",
                "target_size": []
              }
            ],
            "wait_for_instances": false,
            "wait_for_instances_status": "STABLE"
          },
          "sensitive_attributes": [],
          "private": "eyJlMmJmYjczMC1lY2FhLTExZTYtOGY4OC0zNDM2M2JjN2M0YzAiOnsiY3JlYXRlIjozMDAwMDAwMDAwMDAsImRlbGV0ZSI6OTAwMDAwMDAwMDAwLCJ1cGRhdGUiOjMwMDAwMDAwMDAwMH19",
          "dependencies": [
            "google_compute_network.vpc_network",
            "google_compute_router.group2",
            "google_compute_subnetwork.vpc_subnet2",
            "module.mig2.data.google_compute_zones.available",
            "module.mig2.google_compute_health_check.http",
            "module.mig2.google_compute_health_check.https",
            "module.mig2.google_compute_health_check.tcp",
            "module.mig_template2.google_compute_instance_template.tpl"
          ],
          "create_before_destroy": true
        }
      ]
    },
    {
      "module": "module.mig_template1",
      "mode": "managed",
      "type": "google_compute_instance_template",
      "name": "tpl",
      "provider": "provider[\"registry.terraform.io/hashicorp/google\"]",
      "instances": [
        {
          "schema_version": 1,
          "attributes": {
            "advanced_machine_features": [
              {
                "enable_nested_virtualization": false,
                "threads_per_core": 0,
                "visible_core_count": 0
              }
            ],
            "can_ip_forward": false,
            "confidential_instance_config": [
              {
                "enable_confidential_compute": false
              }
            ],
            "description": "",
            "disk": [
              {
                "auto_delete": true,
                "boot": true,
                "device_name": "persistent-disk-0",
                "disk_encryption_key": [],
                "disk_name": "",
                "disk_size_gb": 10,
                "disk_type": "pd-standard",
                "interface": "SCSI",
                "labels": {},
                "mode": "READ_WRITE",
                "provisioned_iops": 0,
                "resource_policies": [],
                "source": "",
                "source_image": "projects/debian-cloud/global/images/family/debian-11",
                "source_image_encryption_key": [],
                "source_snapshot": "",
                "source_snapshot_encryption_key": [],
                "type": "PERSISTENT"
              }
            ],
            "guest_accelerator": [],
            "id": "projects/brauss2024/global/instanceTemplates/vpc-network-20240108225523927900000001",
            "instance_description": "",
            "labels": null,
            "machine_type": "e2-micro",
            "metadata": {},
            "metadata_fingerprint": "qfHPb-AD9gU=",
            "metadata_startup_script": "  #! /bin/bash\n  apt update\n  apt install -y apache2\n  sudo rm /var/www/html/index.html\n  echo '\u003chtml\u003e\u003cbody\u003e\u003ch2\u003eWelcome to your custom website 1.\u003c/h2\u003e\u003ch3\u003eCreated with a direct input startup script!\u003c/h3\u003e\u003c/body\u003e\u003c/html\u003e' \u003e /var/www/html/index.html\n",
            "min_cpu_platform": "",
            "name": "vpc-network-20240108225523927900000001",
            "name_prefix": "vpc-network-",
            "network_interface": [
              {
                "access_config": [],
                "alias_ip_range": [],
                "internal_ipv6_prefix_length": 0,
                "ipv6_access_config": [],
                "ipv6_access_type": "",
                "ipv6_address": "",
                "name": "nic0",
                "network": "https://www.googleapis.com/compute/v1/projects/brauss2024/global/networks/vpc-network",
                "network_ip": "",
                "nic_type": "",
                "queue_count": 0,
                "stack_type": "",
                "subnetwork": "https://www.googleapis.com/compute/v1/projects/brauss2024/regions/us-central1/subnetworks/subnet1",
                "subnetwork_project": "brauss2024"
              }
            ],
            "network_performance_config": [],
            "project": "brauss2024",
            "region": "us-central1",
            "reservation_affinity": [],
            "resource_policies": null,
            "scheduling": [
              {
                "automatic_restart": true,
                "instance_termination_action": "",
                "local_ssd_recovery_timeout": [],
                "min_node_cpus": 0,
                "node_affinities": [],
                "on_host_maintenance": "MIGRATE",
                "preemptible": false,
                "provisioning_model": "STANDARD"
              }
            ],
            "self_link": "https://www.googleapis.com/compute/v1/projects/brauss2024/global/instanceTemplates/vpc-network-20240108225523927900000001",
            "self_link_unique": "https://www.googleapis.com/compute/v1/projects/brauss2024/global/instanceTemplates/vpc-network-20240108225523927900000001?uniqueId=4080125815154656179",
            "service_account": [
              {
                "email": "default",
                "scopes": [
                  "https://www.googleapis.com/auth/cloud-platform"
                ]
              }
            ],
            "shielded_instance_config": [],
            "tags": [
              "http-server",
              "https-server",
              "router-gw-group1",
              "vpc-network",
              "web"
            ],
            "tags_fingerprint": "",
            "timeouts": null
          },
          "sensitive_attributes": [],
          "private": "eyJlMmJmYjczMC1lY2FhLTExZTYtOGY4OC0zNDM2M2JjN2M0YzAiOnsiY3JlYXRlIjoyNDAwMDAwMDAwMDAsImRlbGV0ZSI6MjQwMDAwMDAwMDAwfSwic2NoZW1hX3ZlcnNpb24iOiIxIn0=",
          "dependencies": [
            "google_compute_network.vpc_network",
            "google_compute_router.group1",
            "google_compute_subnetwork.vpc_subnet1"
          ],
          "create_before_destroy": true
        }
      ]
    },
    {
      "module": "module.mig_template2",
      "mode": "managed",
      "type": "google_compute_instance_template",
      "name": "tpl",
      "provider": "provider[\"registry.terraform.io/hashicorp/google\"]",
      "instances": [
        {
          "schema_version": 1,
          "attributes": {
            "advanced_machine_features": [
              {
                "enable_nested_virtualization": false,
                "threads_per_core": 0,
                "visible_core_count": 0
              }
            ],
            "can_ip_forward": false,
            "confidential_instance_config": [
              {
                "enable_confidential_compute": false
              }
            ],
            "description": "",
            "disk": [
              {
                "auto_delete": true,
                "boot": true,
                "device_name": "persistent-disk-0",
                "disk_encryption_key": [],
                "disk_name": "",
                "disk_size_gb": 10,
                "disk_type": "pd-standard",
                "interface": "SCSI",
                "labels": {},
                "mode": "READ_WRITE",
                "provisioned_iops": 0,
                "resource_policies": [],
                "source": "",
                "source_image": "projects/debian-cloud/global/images/family/debian-11",
                "source_image_encryption_key": [],
                "source_snapshot": "",
                "source_snapshot_encryption_key": [],
                "type": "PERSISTENT"
              }
            ],
            "guest_accelerator": [],
            "id": "projects/brauss2024/global/instanceTemplates/vpc-network-20240108232431792500000001",
            "instance_description": "",
            "labels": null,
            "machine_type": "e2-micro",
            "metadata": {},
            "metadata_fingerprint": "kwDz6IkZuIc=",
            "metadata_startup_script": "  #! /bin/bash\n  apt update\n  apt install -y apache2\n  sudo rm /var/www/html/index.html\n  echo '\u003chtml\u003e\u003cbody\u003e\u003ch2\u003eWelcome to your custom website 2.\u003c/h2\u003e\u003ch3\u003eCreated with a direct input startup script!\u003c/h3\u003e\u003c/body\u003e\u003c/html\u003e' \u003e /var/www/html/index.html\n",
            "min_cpu_platform": "",
            "name": "vpc-network-20240108232431792500000001",
            "name_prefix": "vpc-network-",
            "network_interface": [
              {
                "access_config": [],
                "alias_ip_range": [],
                "internal_ipv6_prefix_length": 0,
                "ipv6_access_config": [],
                "ipv6_access_type": "",
                "ipv6_address": "",
                "name": "nic0",
                "network": "https://www.googleapis.com/compute/v1/projects/brauss2024/global/networks/vpc-network",
                "network_ip": "",
                "nic_type": "",
                "queue_count": 0,
                "stack_type": "",
                "subnetwork": "https://www.googleapis.com/compute/v1/projects/brauss2024/regions/us-west1/subnetworks/subnet2",
                "subnetwork_project": "brauss2024"
              }
            ],
            "network_performance_config": [],
            "project": "brauss2024",
            "region": "us-west1",
            "reservation_affinity": [],
            "resource_policies": null,
            "scheduling": [
              {
                "automatic_restart": true,
                "instance_termination_action": "",
                "local_ssd_recovery_timeout": [],
                "min_node_cpus": 0,
                "node_affinities": [],
                "on_host_maintenance": "MIGRATE",
                "preemptible": false,
                "provisioning_model": "STANDARD"
              }
            ],
            "self_link": "https://www.googleapis.com/compute/v1/projects/brauss2024/global/instanceTemplates/vpc-network-20240108232431792500000001",
            "self_link_unique": "https://www.googleapis.com/compute/v1/projects/brauss2024/global/instanceTemplates/vpc-network-20240108232431792500000001?uniqueId=9146755565805976287",
            "service_account": [
              {
                "email": "default",
                "scopes": [
                  "https://www.googleapis.com/auth/cloud-platform"
                ]
              }
            ],
            "shielded_instance_config": [],
            "tags": [
              "http-server",
              "https-server",
              "router-gw-group2",
              "vpc-network",
              "web"
            ],
            "tags_fingerprint": "",
            "timeouts": null
          },
          "sensitive_attributes": [],
          "private": "eyJlMmJmYjczMC1lY2FhLTExZTYtOGY4OC0zNDM2M2JjN2M0YzAiOnsiY3JlYXRlIjoyNDAwMDAwMDAwMDAsImRlbGV0ZSI6MjQwMDAwMDAwMDAwfSwic2NoZW1hX3ZlcnNpb24iOiIxIn0=",
          "dependencies": [
            "google_compute_network.vpc_network",
            "google_compute_router.group2",
            "google_compute_subnetwork.vpc_subnet2"
          ],
          "create_before_destroy": true
        }
      ]
    }
  ],
  "check_results": null
}
